// !$*UTF8*$!
{
	archiveVersion = 1;
	classes = {
	};
	objectVersion = 50;
	objects = {

/* Begin PBXBuildFile section */
		4D74DCE626937529002D8F15 /* AppDelegate.swift in Sources */ = {isa = PBXBuildFile; fileRef = 4D74DCE526937529002D8F15 /* AppDelegate.swift */; };
		4D74DCE826937529002D8F15 /* SceneDelegate.swift in Sources */ = {isa = PBXBuildFile; fileRef = 4D74DCE726937529002D8F15 /* SceneDelegate.swift */; };
		4D74DCEA26937529002D8F15 /* ViewController.swift in Sources */ = {isa = PBXBuildFile; fileRef = 4D74DCE926937529002D8F15 /* ViewController.swift */; };
		4D74DCED26937529002D8F15 /* Main.storyboard in Resources */ = {isa = PBXBuildFile; fileRef = 4D74DCEB26937529002D8F15 /* Main.storyboard */; };
		4D74DCF026937529002D8F15 /* groupLINQ.xcdatamodeld in Sources */ = {isa = PBXBuildFile; fileRef = 4D74DCEE26937529002D8F15 /* groupLINQ.xcdatamodeld */; };
		4D74DCF22693752B002D8F15 /* Assets.xcassets in Resources */ = {isa = PBXBuildFile; fileRef = 4D74DCF12693752B002D8F15 /* Assets.xcassets */; };
		4D74DCF52693752B002D8F15 /* LaunchScreen.storyboard in Resources */ = {isa = PBXBuildFile; fileRef = 4D74DCF32693752B002D8F15 /* LaunchScreen.storyboard */; };
		4D74DCFE26937587002D8F15 /* LoginViewController.swift in Sources */ = {isa = PBXBuildFile; fileRef = 4D74DCFD26937587002D8F15 /* LoginViewController.swift */; };
		4D74DD01269375AD002D8F15 /* RegisterViewController.swift in Sources */ = {isa = PBXBuildFile; fileRef = 4D74DD00269375AD002D8F15 /* RegisterViewController.swift */; };
/* End PBXBuildFile section */

/* Begin PBXFileReference section */
		4D74DCE226937529002D8F15 /* groupLINQ.app */ = {isa = PBXFileReference; explicitFileType = wrapper.application; includeInIndex = 0; path = groupLINQ.app; sourceTree = BUILT_PRODUCTS_DIR; };
		4D74DCE526937529002D8F15 /* AppDelegate.swift */ = {isa = PBXFileReference; lastKnownFileType = sourcecode.swift; path = AppDelegate.swift; sourceTree = "<group>"; };
		4D74DCE726937529002D8F15 /* SceneDelegate.swift */ = {isa = PBXFileReference; lastKnownFileType = sourcecode.swift; path = SceneDelegate.swift; sourceTree = "<group>"; };
		4D74DCE926937529002D8F15 /* ViewController.swift */ = {isa = PBXFileReference; lastKnownFileType = sourcecode.swift; path = ViewController.swift; sourceTree = "<group>"; };
		4D74DCEC26937529002D8F15 /* Base */ = {isa = PBXFileReference; lastKnownFileType = file.storyboard; name = Base; path = Base.lproj/Main.storyboard; sourceTree = "<group>"; };
		4D74DCEF26937529002D8F15 /* groupLINQ.xcdatamodel */ = {isa = PBXFileReference; lastKnownFileType = wrapper.xcdatamodel; path = groupLINQ.xcdatamodel; sourceTree = "<group>"; };
		4D74DCF12693752B002D8F15 /* Assets.xcassets */ = {isa = PBXFileReference; lastKnownFileType = folder.assetcatalog; path = Assets.xcassets; sourceTree = "<group>"; };
		4D74DCF42693752B002D8F15 /* Base */ = {isa = PBXFileReference; lastKnownFileType = file.storyboard; name = Base; path = Base.lproj/LaunchScreen.storyboard; sourceTree = "<group>"; };
		4D74DCF62693752B002D8F15 /* Info.plist */ = {isa = PBXFileReference; lastKnownFileType = text.plist.xml; path = Info.plist; sourceTree = "<group>"; };
		4D74DCFD26937587002D8F15 /* LoginViewController.swift */ = {isa = PBXFileReference; lastKnownFileType = sourcecode.swift; path = LoginViewController.swift; sourceTree = "<group>"; };
		4D74DD00269375AD002D8F15 /* RegisterViewController.swift */ = {isa = PBXFileReference; lastKnownFileType = sourcecode.swift; path = RegisterViewController.swift; sourceTree = "<group>"; };
/* End PBXFileReference section */

/* Begin PBXFrameworksBuildPhase section */
		4D74DCDF26937529002D8F15 /* Frameworks */ = {
			isa = PBXFrameworksBuildPhase;
			buildActionMask = 2147483647;
			files = (
			);
			runOnlyForDeploymentPostprocessing = 0;
		};
/* End PBXFrameworksBuildPhase section */

/* Begin PBXGroup section */
		4D74DCD926937529002D8F15 = {
			isa = PBXGroup;
			children = (
				4D74DCE426937529002D8F15 /* groupLINQ */,
				4D74DCE326937529002D8F15 /* Products */,
			);
			sourceTree = "<group>";
		};
		4D74DCE326937529002D8F15 /* Products */ = {
			isa = PBXGroup;
			children = (
				4D74DCE226937529002D8F15 /* groupLINQ.app */,
			);
			name = Products;
			sourceTree = "<group>";
		};
		4D74DCE426937529002D8F15 /* groupLINQ */ = {
			isa = PBXGroup;
			children = (
				4D74DCE526937529002D8F15 /* AppDelegate.swift */,
				4D74DCE726937529002D8F15 /* SceneDelegate.swift */,
				4D74DCE926937529002D8F15 /* ViewController.swift */,
				4D74DCEB26937529002D8F15 /* Main.storyboard */,
				4D74DCFD26937587002D8F15 /* LoginViewController.swift */,
				4D74DD00269375AD002D8F15 /* RegisterViewController.swift */,
				4D74DCF12693752B002D8F15 /* Assets.xcassets */,
				4D74DCF32693752B002D8F15 /* LaunchScreen.storyboard */,
				4D74DCF62693752B002D8F15 /* Info.plist */,
				4D74DCEE26937529002D8F15 /* groupLINQ.xcdatamodeld */,
			);
			path = groupLINQ;
			sourceTree = "<group>";
		};
/* End PBXGroup section */

/* Begin PBXNativeTarget section */
		4D74DCE126937529002D8F15 /* groupLINQ */ = {
			isa = PBXNativeTarget;
			buildConfigurationList = 4D74DCF92693752B002D8F15 /* Build configuration list for PBXNativeTarget "groupLINQ" */;
			buildPhases = (
				4D74DCDE26937529002D8F15 /* Sources */,
				4D74DCDF26937529002D8F15 /* Frameworks */,
				4D74DCE026937529002D8F15 /* Resources */,
			);
			buildRules = (
			);
			dependencies = (
			);
			name = groupLINQ;
			productName = groupLINQ;
			productReference = 4D74DCE226937529002D8F15 /* groupLINQ.app */;
			productType = "com.apple.product-type.application";
		};
/* End PBXNativeTarget section */

/* Begin PBXProject section */
		4D74DCDA26937529002D8F15 /* Project object */ = {
			isa = PBXProject;
			attributes = {
				LastSwiftUpdateCheck = 1240;
				LastUpgradeCheck = 1240;
				TargetAttributes = {
					4D74DCE126937529002D8F15 = {
						CreatedOnToolsVersion = 12.4;
					};
				};
			};
			buildConfigurationList = 4D74DCDD26937529002D8F15 /* Build configuration list for PBXProject "groupLINQ" */;
			compatibilityVersion = "Xcode 9.3";
			developmentRegion = en;
			hasScannedForEncodings = 0;
			knownRegions = (
				en,
				Base,
			);
			mainGroup = 4D74DCD926937529002D8F15;
			productRefGroup = 4D74DCE326937529002D8F15 /* Products */;
			projectDirPath = "";
			projectRoot = "";
			targets = (
				4D74DCE126937529002D8F15 /* groupLINQ */,
			);
		};
/* End PBXProject section */

/* Begin PBXResourcesBuildPhase section */
		4D74DCE026937529002D8F15 /* Resources */ = {
			isa = PBXResourcesBuildPhase;
			buildActionMask = 2147483647;
			files = (
				4D74DCF52693752B002D8F15 /* LaunchScreen.storyboard in Resources */,
				4D74DCF22693752B002D8F15 /* Assets.xcassets in Resources */,
				4D74DCED26937529002D8F15 /* Main.storyboard in Resources */,
			);
			runOnlyForDeploymentPostprocessing = 0;
		};
/* End PBXResourcesBuildPhase section */

/* Begin PBXSourcesBuildPhase section */
		4D74DCDE26937529002D8F15 /* Sources */ = {
			isa = PBXSourcesBuildPhase;
			buildActionMask = 2147483647;
			files = (
				4D74DCEA26937529002D8F15 /* ViewController.swift in Sources */,
				4D74DCE626937529002D8F15 /* AppDelegate.swift in Sources */,
				4D74DCE826937529002D8F15 /* SceneDelegate.swift in Sources */,
				4D74DD01269375AD002D8F15 /* RegisterViewController.swift in Sources */,
				4D74DCFE26937587002D8F15 /* LoginViewController.swift in Sources */,
				4D74DCF026937529002D8F15 /* groupLINQ.xcdatamodeld in Sources */,
			);
			runOnlyForDeploymentPostprocessing = 0;
		};
/* End PBXSourcesBuildPhase section */

/* Begin PBXVariantGroup section */
		4D74DCEB26937529002D8F15 /* Main.storyboard */ = {
			isa = PBXVariantGroup;
			children = (
				4D74DCEC26937529002D8F15 /* Base */,
			);
			name = Main.storyboard;
			sourceTree = "<group>";
		};
		4D74DCF32693752B002D8F15 /* LaunchScreen.storyboard */ = {
			isa = PBXVariantGroup;
			children = (
				4D74DCF42693752B002D8F15 /* Base */,
			);
			name = LaunchScreen.storyboard;
			sourceTree = "<group>";
		};
/* End PBXVariantGroup section */

/* Begin XCBuildConfiguration section */
		4D74DCF72693752B002D8F15 /* Debug */ = {
			isa = XCBuildConfiguration;
			buildSettings = {
				ALWAYS_SEARCH_USER_PATHS = NO;
				CLANG_ANALYZER_NONNULL = YES;
				CLANG_ANALYZER_NUMBER_OBJECT_CONVERSION = YES_AGGRESSIVE;
				CLANG_CXX_LANGUAGE_STANDARD = "gnu++14";
				CLANG_CXX_LIBRARY = "libc++";
				CLANG_ENABLE_MODULES = YES;
				CLANG_ENABLE_OBJC_ARC = YES;
				CLANG_ENABLE_OBJC_WEAK = YES;
				CLANG_WARN_BLOCK_CAPTURE_AUTORELEASING = YES;
				CLANG_WARN_BOOL_CONVERSION = YES;
				CLANG_WARN_COMMA = YES;
				CLANG_WARN_CONSTANT_CONVERSION = YES;
				CLANG_WARN_DEPRECATED_OBJC_IMPLEMENTATIONS = YES;
				CLANG_WARN_DIRECT_OBJC_ISA_USAGE = YES_ERROR;
				CLANG_WARN_DOCUMENTATION_COMMENTS = YES;
				CLANG_WARN_EMPTY_BODY = YES;
				CLANG_WARN_ENUM_CONVERSION = YES;
				CLANG_WARN_INFINITE_RECURSION = YES;
				CLANG_WARN_INT_CONVERSION = YES;
				CLANG_WARN_NON_LITERAL_NULL_CONVERSION = YES;
				CLANG_WARN_OBJC_IMPLICIT_RETAIN_SELF = YES;
				CLANG_WARN_OBJC_LITERAL_CONVERSION = YES;
				CLANG_WARN_OBJC_ROOT_CLASS = YES_ERROR;
				CLANG_WARN_QUOTED_INCLUDE_IN_FRAMEWORK_HEADER = YES;
				CLANG_WARN_RANGE_LOOP_ANALYSIS = YES;
				CLANG_WARN_STRICT_PROTOTYPES = YES;
				CLANG_WARN_SUSPICIOUS_MOVE = YES;
				CLANG_WARN_UNGUARDED_AVAILABILITY = YES_AGGRESSIVE;
				CLANG_WARN_UNREACHABLE_CODE = YES;
				CLANG_WARN__DUPLICATE_METHOD_MATCH = YES;
				COPY_PHASE_STRIP = NO;
				DEBUG_INFORMATION_FORMAT = dwarf;
				ENABLE_STRICT_OBJC_MSGSEND = YES;
				ENABLE_TESTABILITY = YES;
				GCC_C_LANGUAGE_STANDARD = gnu11;
				GCC_DYNAMIC_NO_PIC = NO;
				GCC_NO_COMMON_BLOCKS = YES;
				GCC_OPTIMIZATION_LEVEL = 0;
				GCC_PREPROCESSOR_DEFINITIONS = (
					"DEBUG=1",
					"$(inherited)",
				);
				GCC_WARN_64_TO_32_BIT_CONVERSION = YES;
				GCC_WARN_ABOUT_RETURN_TYPE = YES_ERROR;
				GCC_WARN_UNDECLARED_SELECTOR = YES;
				GCC_WARN_UNINITIALIZED_AUTOS = YES_AGGRESSIVE;
				GCC_WARN_UNUSED_FUNCTION = YES;
				GCC_WARN_UNUSED_VARIABLE = YES;
				IPHONEOS_DEPLOYMENT_TARGET = 14.4;
				MTL_ENABLE_DEBUG_INFO = INCLUDE_SOURCE;
				MTL_FAST_MATH = YES;
				ONLY_ACTIVE_ARCH = YES;
				SDKROOT = iphoneos;
				SWIFT_ACTIVE_COMPILATION_CONDITIONS = DEBUG;
				SWIFT_OPTIMIZATION_LEVEL = "-Onone";
			};
			name = Debug;
		};
		4D74DCF82693752B002D8F15 /* Release */ = {
			isa = XCBuildConfiguration;
			buildSettings = {
				ALWAYS_SEARCH_USER_PATHS = NO;
				CLANG_ANALYZER_NONNULL = YES;
				CLANG_ANALYZER_NUMBER_OBJECT_CONVERSION = YES_AGGRESSIVE;
				CLANG_CXX_LANGUAGE_STANDARD = "gnu++14";
				CLANG_CXX_LIBRARY = "libc++";
				CLANG_ENABLE_MODULES = YES;
				CLANG_ENABLE_OBJC_ARC = YES;
				CLANG_ENABLE_OBJC_WEAK = YES;
				CLANG_WARN_BLOCK_CAPTURE_AUTORELEASING = YES;
				CLANG_WARN_BOOL_CONVERSION = YES;
				CLANG_WARN_COMMA = YES;
				CLANG_WARN_CONSTANT_CONVERSION = YES;
				CLANG_WARN_DEPRECATED_OBJC_IMPLEMENTATIONS = YES;
				CLANG_WARN_DIRECT_OBJC_ISA_USAGE = YES_ERROR;
				CLANG_WARN_DOCUMENTATION_COMMENTS = YES;
				CLANG_WARN_EMPTY_BODY = YES;
				CLANG_WARN_ENUM_CONVERSION = YES;
				CLANG_WARN_INFINITE_RECURSION = YES;
				CLANG_WARN_INT_CONVERSION = YES;
				CLANG_WARN_NON_LITERAL_NULL_CONVERSION = YES;
				CLANG_WARN_OBJC_IMPLICIT_RETAIN_SELF = YES;
				CLANG_WARN_OBJC_LITERAL_CONVERSION = YES;
				CLANG_WARN_OBJC_ROOT_CLASS = YES_ERROR;
				CLANG_WARN_QUOTED_INCLUDE_IN_FRAMEWORK_HEADER = YES;
				CLANG_WARN_RANGE_LOOP_ANALYSIS = YES;
				CLANG_WARN_STRICT_PROTOTYPES = YES;
				CLANG_WARN_SUSPICIOUS_MOVE = YES;
				CLANG_WARN_UNGUARDED_AVAILABILITY = YES_AGGRESSIVE;
				CLANG_WARN_UNREACHABLE_CODE = YES;
				CLANG_WARN__DUPLICATE_METHOD_MATCH = YES;
				COPY_PHASE_STRIP = NO;
				DEBUG_INFORMATION_FORMAT = "dwarf-with-dsym";
				ENABLE_NS_ASSERTIONS = NO;
				ENABLE_STRICT_OBJC_MSGSEND = YES;
				GCC_C_LANGUAGE_STANDARD = gnu11;
				GCC_NO_COMMON_BLOCKS = YES;
				GCC_WARN_64_TO_32_BIT_CONVERSION = YES;
				GCC_WARN_ABOUT_RETURN_TYPE = YES_ERROR;
				GCC_WARN_UNDECLARED_SELECTOR = YES;
				GCC_WARN_UNINITIALIZED_AUTOS = YES_AGGRESSIVE;
				GCC_WARN_UNUSED_FUNCTION = YES;
				GCC_WARN_UNUSED_VARIABLE = YES;
				IPHONEOS_DEPLOYMENT_TARGET = 14.4;
				MTL_ENABLE_DEBUG_INFO = NO;
				MTL_FAST_MATH = YES;
				SDKROOT = iphoneos;
				SWIFT_COMPILATION_MODE = wholemodule;
				SWIFT_OPTIMIZATION_LEVEL = "-O";
				VALIDATE_PRODUCT = YES;
			};
			name = Release;
		};
		4D74DCFA2693752B002D8F15 /* Debug */ = {
			isa = XCBuildConfiguration;
			buildSettings = {
				ASSETCATALOG_COMPILER_APPICON_NAME = AppIcon;
				ASSETCATALOG_COMPILER_GLOBAL_ACCENT_COLOR_NAME = AccentColor;
				CODE_SIGN_STYLE = Automatic;
				INFOPLIST_FILE = groupLINQ/Info.plist;
				LD_RUNPATH_SEARCH_PATHS = (
					"$(inherited)",
					"@executable_path/Frameworks",
				);
				PRODUCT_BUNDLE_IDENTIFIER = com.example.groupLINQ;
				PRODUCT_NAME = "$(TARGET_NAME)";
				SWIFT_VERSION = 5.0;
				TARGETED_DEVICE_FAMILY = "1,2";
			};
			name = Debug;
		};
		4D74DCFB2693752B002D8F15 /* Release */ = {
			isa = XCBuildConfiguration;
			buildSettings = {
				ASSETCATALOG_COMPILER_APPICON_NAME = AppIcon;
				ASSETCATALOG_COMPILER_GLOBAL_ACCENT_COLOR_NAME = AccentColor;
				CODE_SIGN_STYLE = Automatic;
				INFOPLIST_FILE = groupLINQ/Info.plist;
				LD_RUNPATH_SEARCH_PATHS = (
					"$(inherited)",
					"@executable_path/Frameworks",
				);
				PRODUCT_BUNDLE_IDENTIFIER = com.example.groupLINQ;
				PRODUCT_NAME = "$(TARGET_NAME)";
				SWIFT_VERSION = 5.0;
				TARGETED_DEVICE_FAMILY = "1,2";
			};
			name = Release;
		};
/* End XCBuildConfiguration section */

/* Begin XCConfigurationList section */
		4D74DCDD26937529002D8F15 /* Build configuration list for PBXProject "groupLINQ" */ = {
			isa = XCConfigurationList;
			buildConfigurations = (
				4D74DCF72693752B002D8F15 /* Debug */,
				4D74DCF82693752B002D8F15 /* Release */,
			);
			defaultConfigurationIsVisible = 0;
			defaultConfigurationName = Release;
		};
		4D74DCF92693752B002D8F15 /* Build configuration list for PBXNativeTarget "groupLINQ" */ = {
			isa = XCConfigurationList;
			buildConfigurations = (
				4D74DCFA2693752B002D8F15 /* Debug */,
				4D74DCFB2693752B002D8F15 /* Release */,
			);
			defaultConfigurationIsVisible = 0;
			defaultConfigurationName = Release;
		};
/* End XCConfigurationList section */

/* Begin XCVersionGroup section */
		4D74DCEE26937529002D8F15 /* groupLINQ.xcdatamodeld */ = {
			isa = XCVersionGroup;
			children = (
				4D74DCEF26937529002D8F15 /* groupLINQ.xcdatamodel */,
			);
			currentVersion = 4D74DCEF26937529002D8F15 /* groupLINQ.xcdatamodel */;
			path = groupLINQ.xcdatamodeld;
			sourceTree = "<group>";
			versionGroupType = wrapper.xcdatamodel;
		};
/* End XCVersionGroup section */
	};
	rootObject = 4D74DCDA26937529002D8F15 /* Project object */;
}
