// !$*UTF8*$!
{
	archiveVersion = 1;
	classes = {
	};
	objectVersion = 50;
	objects = {

/* Begin PBXBuildFile section */
		FA461477269745ED00E4ED70 /* AppDelegate.swift in Sources */ = {isa = PBXBuildFile; fileRef = FA461476269745ED00E4ED70 /* AppDelegate.swift */; };
		FA461479269745ED00E4ED70 /* SceneDelegate.swift in Sources */ = {isa = PBXBuildFile; fileRef = FA461478269745ED00E4ED70 /* SceneDelegate.swift */; };
		FA46147B269745ED00E4ED70 /* ViewController.swift in Sources */ = {isa = PBXBuildFile; fileRef = FA46147A269745ED00E4ED70 /* ViewController.swift */; };
		FA46147E269745ED00E4ED70 /* Main.storyboard in Resources */ = {isa = PBXBuildFile; fileRef = FA46147C269745ED00E4ED70 /* Main.storyboard */; };
		FA461481269745ED00E4ED70 /* GroupLINQ.xcdatamodeld in Sources */ = {isa = PBXBuildFile; fileRef = FA46147F269745ED00E4ED70 /* GroupLINQ.xcdatamodeld */; };
		FA461483269745EE00E4ED70 /* Assets.xcassets in Resources */ = {isa = PBXBuildFile; fileRef = FA461482269745EE00E4ED70 /* Assets.xcassets */; };
		FA461486269745EE00E4ED70 /* LaunchScreen.storyboard in Resources */ = {isa = PBXBuildFile; fileRef = FA461484269745EE00E4ED70 /* LaunchScreen.storyboard */; };
		FA46148E26974FBB00E4ED70 /* ClassOverviewVC.swift in Sources */ = {isa = PBXBuildFile; fileRef = FA46148D26974FBB00E4ED70 /* ClassOverviewVC.swift */; };
/* End PBXBuildFile section */

/* Begin PBXFileReference section */
		FA461473269745ED00E4ED70 /* GroupLINQ.app */ = {isa = PBXFileReference; explicitFileType = wrapper.application; includeInIndex = 0; path = GroupLINQ.app; sourceTree = BUILT_PRODUCTS_DIR; };
		FA461476269745ED00E4ED70 /* AppDelegate.swift */ = {isa = PBXFileReference; lastKnownFileType = sourcecode.swift; path = AppDelegate.swift; sourceTree = "<group>"; };
		FA461478269745ED00E4ED70 /* SceneDelegate.swift */ = {isa = PBXFileReference; lastKnownFileType = sourcecode.swift; path = SceneDelegate.swift; sourceTree = "<group>"; };
		FA46147A269745ED00E4ED70 /* ViewController.swift */ = {isa = PBXFileReference; lastKnownFileType = sourcecode.swift; path = ViewController.swift; sourceTree = "<group>"; };
		FA46147D269745ED00E4ED70 /* Base */ = {isa = PBXFileReference; lastKnownFileType = file.storyboard; name = Base; path = Base.lproj/Main.storyboard; sourceTree = "<group>"; };
		FA461480269745ED00E4ED70 /* GroupLINQ.xcdatamodel */ = {isa = PBXFileReference; lastKnownFileType = wrapper.xcdatamodel; path = GroupLINQ.xcdatamodel; sourceTree = "<group>"; };
		FA461482269745EE00E4ED70 /* Assets.xcassets */ = {isa = PBXFileReference; lastKnownFileType = folder.assetcatalog; path = Assets.xcassets; sourceTree = "<group>"; };
		FA461485269745EE00E4ED70 /* Base */ = {isa = PBXFileReference; lastKnownFileType = file.storyboard; name = Base; path = Base.lproj/LaunchScreen.storyboard; sourceTree = "<group>"; };
		FA461487269745EE00E4ED70 /* Info.plist */ = {isa = PBXFileReference; lastKnownFileType = text.plist.xml; path = Info.plist; sourceTree = "<group>"; };
		FA46148D26974FBB00E4ED70 /* ClassOverviewVC.swift */ = {isa = PBXFileReference; lastKnownFileType = sourcecode.swift; path = ClassOverviewVC.swift; sourceTree = "<group>"; };
/* End PBXFileReference section */

/* Begin PBXFrameworksBuildPhase section */
		FA461470269745ED00E4ED70 /* Frameworks */ = {
			isa = PBXFrameworksBuildPhase;
			buildActionMask = 2147483647;
			files = (
			);
			runOnlyForDeploymentPostprocessing = 0;
		};
/* End PBXFrameworksBuildPhase section */

/* Begin PBXGroup section */
		FA46146A269745ED00E4ED70 = {
			isa = PBXGroup;
			children = (
				FA461475269745ED00E4ED70 /* GroupLINQ */,
				FA461474269745ED00E4ED70 /* Products */,
			);
			sourceTree = "<group>";
		};
		FA461474269745ED00E4ED70 /* Products */ = {
			isa = PBXGroup;
			children = (
				FA461473269745ED00E4ED70 /* GroupLINQ.app */,
			);
			name = Products;
			sourceTree = "<group>";
		};
		FA461475269745ED00E4ED70 /* GroupLINQ */ = {
			isa = PBXGroup;
			children = (
				FA461476269745ED00E4ED70 /* AppDelegate.swift */,
				FA461478269745ED00E4ED70 /* SceneDelegate.swift */,
				FA46147A269745ED00E4ED70 /* ViewController.swift */,
				FA46147C269745ED00E4ED70 /* Main.storyboard */,
				FA461482269745EE00E4ED70 /* Assets.xcassets */,
				FA461484269745EE00E4ED70 /* LaunchScreen.storyboard */,
				FA461487269745EE00E4ED70 /* Info.plist */,
				FA46147F269745ED00E4ED70 /* GroupLINQ.xcdatamodeld */,
				FA46148D26974FBB00E4ED70 /* ClassOverviewVC.swift */,
			);
			path = GroupLINQ;
			sourceTree = "<group>";
		};
/* End PBXGroup section */

/* Begin PBXNativeTarget section */
		FA461472269745ED00E4ED70 /* GroupLINQ */ = {
			isa = PBXNativeTarget;
			buildConfigurationList = FA46148A269745EE00E4ED70 /* Build configuration list for PBXNativeTarget "GroupLINQ" */;
			buildPhases = (
				FA46146F269745ED00E4ED70 /* Sources */,
				FA461470269745ED00E4ED70 /* Frameworks */,
				FA461471269745ED00E4ED70 /* Resources */,
			);
			buildRules = (
			);
			dependencies = (
			);
			name = GroupLINQ;
			productName = GroupLINQ;
			productReference = FA461473269745ED00E4ED70 /* GroupLINQ.app */;
			productType = "com.apple.product-type.application";
		};
/* End PBXNativeTarget section */

/* Begin PBXProject section */
		FA46146B269745ED00E4ED70 /* Project object */ = {
			isa = PBXProject;
			attributes = {
				LastSwiftUpdateCheck = 1250;
				LastUpgradeCheck = 1250;
				TargetAttributes = {
					FA461472269745ED00E4ED70 = {
						CreatedOnToolsVersion = 12.5.1;
					};
				};
			};
			buildConfigurationList = FA46146E269745ED00E4ED70 /* Build configuration list for PBXProject "GroupLINQ" */;
			compatibilityVersion = "Xcode 9.3";
			developmentRegion = en;
			hasScannedForEncodings = 0;
			knownRegions = (
				en,
				Base,
			);
			mainGroup = FA46146A269745ED00E4ED70;
			productRefGroup = FA461474269745ED00E4ED70 /* Products */;
			projectDirPath = "";
			projectRoot = "";
			targets = (
				FA461472269745ED00E4ED70 /* GroupLINQ */,
			);
		};
/* End PBXProject section */

/* Begin PBXResourcesBuildPhase section */
		FA461471269745ED00E4ED70 /* Resources */ = {
			isa = PBXResourcesBuildPhase;
			buildActionMask = 2147483647;
			files = (
				FA461486269745EE00E4ED70 /* LaunchScreen.storyboard in Resources */,
				FA461483269745EE00E4ED70 /* Assets.xcassets in Resources */,
				FA46147E269745ED00E4ED70 /* Main.storyboard in Resources */,
			);
			runOnlyForDeploymentPostprocessing = 0;
		};
/* End PBXResourcesBuildPhase section */

/* Begin PBXSourcesBuildPhase section */
		FA46146F269745ED00E4ED70 /* Sources */ = {
			isa = PBXSourcesBuildPhase;
			buildActionMask = 2147483647;
			files = (
				FA46147B269745ED00E4ED70 /* ViewController.swift in Sources */,
				FA461477269745ED00E4ED70 /* AppDelegate.swift in Sources */,
				FA46148E26974FBB00E4ED70 /* ClassOverviewVC.swift in Sources */,
				FA461479269745ED00E4ED70 /* SceneDelegate.swift in Sources */,
				FA461481269745ED00E4ED70 /* GroupLINQ.xcdatamodeld in Sources */,
			);
			runOnlyForDeploymentPostprocessing = 0;
		};
/* End PBXSourcesBuildPhase section */

/* Begin PBXVariantGroup section */
		FA46147C269745ED00E4ED70 /* Main.storyboard */ = {
			isa = PBXVariantGroup;
			children = (
				FA46147D269745ED00E4ED70 /* Base */,
			);
			name = Main.storyboard;
			sourceTree = "<group>";
		};
		FA461484269745EE00E4ED70 /* LaunchScreen.storyboard */ = {
			isa = PBXVariantGroup;
			children = (
				FA461485269745EE00E4ED70 /* Base */,
			);
			name = LaunchScreen.storyboard;
			sourceTree = "<group>";
		};
/* End PBXVariantGroup section */

/* Begin XCBuildConfiguration section */
		FA461488269745EE00E4ED70 /* Debug */ = {
			isa = XCBuildConfiguration;
			buildSettings = {
				ALWAYS_SEARCH_USER_PATHS = NO;
				CLANG_ANALYZER_NONNULL = YES;
				CLANG_ANALYZER_NUMBER_OBJECT_CONVERSION = YES_AGGRESSIVE;
				CLANG_CXX_LANGUAGE_STANDARD = "gnu++14";
				CLANG_CXX_LIBRARY = "libc++";
				CLANG_ENABLE_MODULES = YES;
				CLANG_ENABLE_OBJC_ARC = YES;
				CLANG_ENABLE_OBJC_WEAK = YES;
				CLANG_WARN_BLOCK_CAPTURE_AUTORELEASING = YES;
				CLANG_WARN_BOOL_CONVERSION = YES;
				CLANG_WARN_COMMA = YES;
				CLANG_WARN_CONSTANT_CONVERSION = YES;
				CLANG_WARN_DEPRECATED_OBJC_IMPLEMENTATIONS = YES;
				CLANG_WARN_DIRECT_OBJC_ISA_USAGE = YES_ERROR;
				CLANG_WARN_DOCUMENTATION_COMMENTS = YES;
				CLANG_WARN_EMPTY_BODY = YES;
				CLANG_WARN_ENUM_CONVERSION = YES;
				CLANG_WARN_INFINITE_RECURSION = YES;
				CLANG_WARN_INT_CONVERSION = YES;
				CLANG_WARN_NON_LITERAL_NULL_CONVERSION = YES;
				CLANG_WARN_OBJC_IMPLICIT_RETAIN_SELF = YES;
				CLANG_WARN_OBJC_LITERAL_CONVERSION = YES;
				CLANG_WARN_OBJC_ROOT_CLASS = YES_ERROR;
				CLANG_WARN_QUOTED_INCLUDE_IN_FRAMEWORK_HEADER = YES;
				CLANG_WARN_RANGE_LOOP_ANALYSIS = YES;
				CLANG_WARN_STRICT_PROTOTYPES = YES;
				CLANG_WARN_SUSPICIOUS_MOVE = YES;
				CLANG_WARN_UNGUARDED_AVAILABILITY = YES_AGGRESSIVE;
				CLANG_WARN_UNREACHABLE_CODE = YES;
				CLANG_WARN__DUPLICATE_METHOD_MATCH = YES;
				COPY_PHASE_STRIP = NO;
				DEBUG_INFORMATION_FORMAT = dwarf;
				ENABLE_STRICT_OBJC_MSGSEND = YES;
				ENABLE_TESTABILITY = YES;
				GCC_C_LANGUAGE_STANDARD = gnu11;
				GCC_DYNAMIC_NO_PIC = NO;
				GCC_NO_COMMON_BLOCKS = YES;
				GCC_OPTIMIZATION_LEVEL = 0;
				GCC_PREPROCESSOR_DEFINITIONS = (
					"DEBUG=1",
					"$(inherited)",
				);
				GCC_WARN_64_TO_32_BIT_CONVERSION = YES;
				GCC_WARN_ABOUT_RETURN_TYPE = YES_ERROR;
				GCC_WARN_UNDECLARED_SELECTOR = YES;
				GCC_WARN_UNINITIALIZED_AUTOS = YES_AGGRESSIVE;
				GCC_WARN_UNUSED_FUNCTION = YES;
				GCC_WARN_UNUSED_VARIABLE = YES;
				IPHONEOS_DEPLOYMENT_TARGET = 14.5;
				MTL_ENABLE_DEBUG_INFO = INCLUDE_SOURCE;
				MTL_FAST_MATH = YES;
				ONLY_ACTIVE_ARCH = YES;
				SDKROOT = iphoneos;
				SWIFT_ACTIVE_COMPILATION_CONDITIONS = DEBUG;
				SWIFT_OPTIMIZATION_LEVEL = "-Onone";
			};
			name = Debug;
		};
		FA461489269745EE00E4ED70 /* Release */ = {
			isa = XCBuildConfiguration;
			buildSettings = {
				ALWAYS_SEARCH_USER_PATHS = NO;
				CLANG_ANALYZER_NONNULL = YES;
				CLANG_ANALYZER_NUMBER_OBJECT_CONVERSION = YES_AGGRESSIVE;
				CLANG_CXX_LANGUAGE_STANDARD = "gnu++14";
				CLANG_CXX_LIBRARY = "libc++";
				CLANG_ENABLE_MODULES = YES;
				CLANG_ENABLE_OBJC_ARC = YES;
				CLANG_ENABLE_OBJC_WEAK = YES;
				CLANG_WARN_BLOCK_CAPTURE_AUTORELEASING = YES;
				CLANG_WARN_BOOL_CONVERSION = YES;
				CLANG_WARN_COMMA = YES;
				CLANG_WARN_CONSTANT_CONVERSION = YES;
				CLANG_WARN_DEPRECATED_OBJC_IMPLEMENTATIONS = YES;
				CLANG_WARN_DIRECT_OBJC_ISA_USAGE = YES_ERROR;
				CLANG_WARN_DOCUMENTATION_COMMENTS = YES;
				CLANG_WARN_EMPTY_BODY = YES;
				CLANG_WARN_ENUM_CONVERSION = YES;
				CLANG_WARN_INFINITE_RECURSION = YES;
				CLANG_WARN_INT_CONVERSION = YES;
				CLANG_WARN_NON_LITERAL_NULL_CONVERSION = YES;
				CLANG_WARN_OBJC_IMPLICIT_RETAIN_SELF = YES;
				CLANG_WARN_OBJC_LITERAL_CONVERSION = YES;
				CLANG_WARN_OBJC_ROOT_CLASS = YES_ERROR;
				CLANG_WARN_QUOTED_INCLUDE_IN_FRAMEWORK_HEADER = YES;
				CLANG_WARN_RANGE_LOOP_ANALYSIS = YES;
				CLANG_WARN_STRICT_PROTOTYPES = YES;
				CLANG_WARN_SUSPICIOUS_MOVE = YES;
				CLANG_WARN_UNGUARDED_AVAILABILITY = YES_AGGRESSIVE;
				CLANG_WARN_UNREACHABLE_CODE = YES;
				CLANG_WARN__DUPLICATE_METHOD_MATCH = YES;
				COPY_PHASE_STRIP = NO;
				DEBUG_INFORMATION_FORMAT = "dwarf-with-dsym";
				ENABLE_NS_ASSERTIONS = NO;
				ENABLE_STRICT_OBJC_MSGSEND = YES;
				GCC_C_LANGUAGE_STANDARD = gnu11;
				GCC_NO_COMMON_BLOCKS = YES;
				GCC_WARN_64_TO_32_BIT_CONVERSION = YES;
				GCC_WARN_ABOUT_RETURN_TYPE = YES_ERROR;
				GCC_WARN_UNDECLARED_SELECTOR = YES;
				GCC_WARN_UNINITIALIZED_AUTOS = YES_AGGRESSIVE;
				GCC_WARN_UNUSED_FUNCTION = YES;
				GCC_WARN_UNUSED_VARIABLE = YES;
				IPHONEOS_DEPLOYMENT_TARGET = 14.5;
				MTL_ENABLE_DEBUG_INFO = NO;
				MTL_FAST_MATH = YES;
				SDKROOT = iphoneos;
				SWIFT_COMPILATION_MODE = wholemodule;
				SWIFT_OPTIMIZATION_LEVEL = "-O";
				VALIDATE_PRODUCT = YES;
			};
			name = Release;
		};
		FA46148B269745EE00E4ED70 /* Debug */ = {
			isa = XCBuildConfiguration;
			buildSettings = {
				ASSETCATALOG_COMPILER_APPICON_NAME = AppIcon;
				ASSETCATALOG_COMPILER_GLOBAL_ACCENT_COLOR_NAME = AccentColor;
				CODE_SIGN_STYLE = Automatic;
				DEVELOPMENT_TEAM = X4WG9RQT89;
				INFOPLIST_FILE = GroupLINQ/Info.plist;
				LD_RUNPATH_SEARCH_PATHS = (
					"$(inherited)",
					"@executable_path/Frameworks",
				);
				PRODUCT_BUNDLE_IDENTIFIER = tiagogrimaldirossi.GroupLINQ;
				PRODUCT_NAME = "$(TARGET_NAME)";
				SWIFT_VERSION = 5.0;
				TARGETED_DEVICE_FAMILY = "1,2";
			};
			name = Debug;
		};
		FA46148C269745EE00E4ED70 /* Release */ = {
			isa = XCBuildConfiguration;
			buildSettings = {
				ASSETCATALOG_COMPILER_APPICON_NAME = AppIcon;
				ASSETCATALOG_COMPILER_GLOBAL_ACCENT_COLOR_NAME = AccentColor;
				CODE_SIGN_STYLE = Automatic;
				DEVELOPMENT_TEAM = X4WG9RQT89;
				INFOPLIST_FILE = GroupLINQ/Info.plist;
				LD_RUNPATH_SEARCH_PATHS = (
					"$(inherited)",
					"@executable_path/Frameworks",
				);
				PRODUCT_BUNDLE_IDENTIFIER = tiagogrimaldirossi.GroupLINQ;
				PRODUCT_NAME = "$(TARGET_NAME)";
				SWIFT_VERSION = 5.0;
				TARGETED_DEVICE_FAMILY = "1,2";
			};
			name = Release;
		};
/* End XCBuildConfiguration section */

/* Begin XCConfigurationList section */
		FA46146E269745ED00E4ED70 /* Build configuration list for PBXProject "GroupLINQ" */ = {
			isa = XCConfigurationList;
			buildConfigurations = (
				FA461488269745EE00E4ED70 /* Debug */,
				FA461489269745EE00E4ED70 /* Release */,
			);
			defaultConfigurationIsVisible = 0;
			defaultConfigurationName = Release;
		};
		FA46148A269745EE00E4ED70 /* Build configuration list for PBXNativeTarget "GroupLINQ" */ = {
			isa = XCConfigurationList;
			buildConfigurations = (
				FA46148B269745EE00E4ED70 /* Debug */,
				FA46148C269745EE00E4ED70 /* Release */,
			);
			defaultConfigurationIsVisible = 0;
			defaultConfigurationName = Release;
		};
/* End XCConfigurationList section */

/* Begin XCVersionGroup section */
		FA46147F269745ED00E4ED70 /* GroupLINQ.xcdatamodeld */ = {
			isa = XCVersionGroup;
			children = (
				FA461480269745ED00E4ED70 /* GroupLINQ.xcdatamodel */,
			);
			currentVersion = FA461480269745ED00E4ED70 /* GroupLINQ.xcdatamodel */;
			path = GroupLINQ.xcdatamodeld;
			sourceTree = "<group>";
			versionGroupType = wrapper.xcdatamodel;
		};
/* End XCVersionGroup section */
	};
	rootObject = FA46146B269745ED00E4ED70 /* Project object */;
}
